
Microsoft Visual Studio Solution File, Format Version 12.00
# Visual Studio Version 17
VisualStudioVersion = 17.7.34031.279
MinimumVisualStudioVersion = 10.0.40219.1
Project("{FAE04EC0-301F-11D3-BF4B-00C04F79EFBC}") = "BlazorServer", "BlazorServer\BlazorServer.csproj", "{F71435CE-B21A-4A15-8D88-37774602B1E2}"
EndProject
Project("{FAE04EC0-301F-11D3-BF4B-00C04F79EFBC}") = "BlazorWebAssembly", "BlazorWebAssembly\BlazorWebAssembly.csproj", "{4DFFDA54-A11C-4726-A5D5-7C7E67B7BF64}"
EndProject
Global
	GlobalSection(SolutionConfigurationPlatforms) = preSolution
		Debug|Any CPU = Debug|Any CPU
		Release|Any CPU = Release|Any CPU
	EndGlobalSection
	GlobalSection(ProjectConfigurationPlatforms) = postSolution
		{F71435CE-B21A-4A15-8D88-37774602B1E2}.Debug|Any CPU.ActiveCfg = Debug|Any CPU
		{F71435CE-B21A-4A15-8D88-37774602B1E2}.Debug|Any CPU.Build.0 = Debug|Any CPU
		{F71435CE-B21A-4A15-8D88-37774602B1E2}.Release|Any CPU.ActiveCfg = Release|Any CPU
		{F71435CE-B21A-4A15-8D88-37774602B1E2}.Release|Any CPU.Build.0 = Release|Any CPU
		{4DFFDA54-A11C-4726-A5D5-7C7E67B7BF64}.Debug|Any CPU.ActiveCfg = Debug|Any CPU
		{4DFFDA54-A11C-4726-A5D5-7C7E67B7BF64}.Debug|Any CPU.Build.0 = Debug|Any CPU
		{4DFFDA54-A11C-4726-A5D5-7C7E67B7BF64}.Release|Any CPU.ActiveCfg = Release|Any CPU
		{4DFFDA54-A11C-4726-A5D5-7C7E67B7BF64}.Release|Any CPU.Build.0 = Release|Any CPU
	EndGlobalSection
	GlobalSection(SolutionProperties) = preSolution
		HideSolutionNode = FALSE
	EndGlobalSection
	GlobalSection(ExtensibilityGlobals) = postSolution
		SolutionGuid = {236AC21A-F03D-4F6F-B911-8DAE49A9FECA}
	EndGlobalSection
EndGlobal
